
Microsoft Visual Studio Solution File, Format Version 11.00
# Visual Studio 2010
Project("{FAE04EC0-301F-11D3-BF4B-00C04F79EFBC}") = "Assembly-CSharp", "Assembly-CSharp.csproj", "{eb738617-c43d-2e49-2d4c-ad86065f0ec7}"
EndProject
Project("{FAE04EC0-301F-11D3-BF4B-00C04F79EFBC}") = "AstarPathfindingProject", "AstarPathfindingProject.csproj", "{2c692574-4fbf-d8b4-d06f-c3337356e87a}"
EndProject
Project("{FAE04EC0-301F-11D3-BF4B-00C04F79EFBC}") = "AstarPathfindingProjectEditor", "AstarPathfindingProjectEditor.csproj", "{9208ed0c-f20d-3850-a61f-27a2a8f1f311}"
EndProject
Project("{FAE04EC0-301F-11D3-BF4B-00C04F79EFBC}") = "PackageToolsEditor", "PackageToolsEditor.csproj", "{eb4e9561-0bff-e03a-fc3c-fb9907d674fc}"
EndProject
Global
	GlobalSection(SolutionConfigurationPlatforms) = preSolution
		Debug|Any CPU = Debug|Any CPU
	EndGlobalSection
	GlobalSection(ProjectConfigurationPlatforms) = postSolution
		{eb738617-c43d-2e49-2d4c-ad86065f0ec7}.Debug|Any CPU.ActiveCfg = Debug|Any CPU
		{eb738617-c43d-2e49-2d4c-ad86065f0ec7}.Debug|Any CPU.Build.0 = Debug|Any CPU
		{2c692574-4fbf-d8b4-d06f-c3337356e87a}.Debug|Any CPU.ActiveCfg = Debug|Any CPU
		{2c692574-4fbf-d8b4-d06f-c3337356e87a}.Debug|Any CPU.Build.0 = Debug|Any CPU
		{9208ed0c-f20d-3850-a61f-27a2a8f1f311}.Debug|Any CPU.ActiveCfg = Debug|Any CPU
		{9208ed0c-f20d-3850-a61f-27a2a8f1f311}.Debug|Any CPU.Build.0 = Debug|Any CPU
		{eb4e9561-0bff-e03a-fc3c-fb9907d674fc}.Debug|Any CPU.ActiveCfg = Debug|Any CPU
		{eb4e9561-0bff-e03a-fc3c-fb9907d674fc}.Debug|Any CPU.Build.0 = Debug|Any CPU
	EndGlobalSection
	GlobalSection(SolutionProperties) = preSolution
		HideSolutionNode = FALSE
	EndGlobalSection
EndGlobal
